
Microsoft Visual Studio Solution File, Format Version 12.00
# Visual Studio 15
VisualStudioVersion = 15.0.28307.1231
MinimumVisualStudioVersion = 10.0.40219.1
Project("{9A19103F-16F7-4668-BE54-9A1E7A4F7556}") = "WebApi", "WebApi\WebApi.csproj", "{EBFF536F-C5E5-4439-99EC-353DA382CD92}"
EndProject
Global
	GlobalSection(SolutionConfigurationPlatforms) = preSolution
		Debug|Any CPU = Debug|Any CPU
		Release|Any CPU = Release|Any CPU
	EndGlobalSection
	GlobalSection(ProjectConfigurationPlatforms) = postSolution
		{EBFF536F-C5E5-4439-99EC-353DA382CD92}.Debug|Any CPU.ActiveCfg = Debug|Any CPU
		{EBFF536F-C5E5-4439-99EC-353DA382CD92}.Debug|Any CPU.Build.0 = Debug|Any CPU
		{EBFF536F-C5E5-4439-99EC-353DA382CD92}.Release|Any CPU.ActiveCfg = Release|Any CPU
		{EBFF536F-C5E5-4439-99EC-353DA382CD92}.Release|Any CPU.Build.0 = Release|Any CPU
	EndGlobalSection
	GlobalSection(SolutionProperties) = preSolution
		HideSolutionNode = FALSE
	EndGlobalSection
	GlobalSection(ExtensibilityGlobals) = postSolution
		SolutionGuid = {2B0F4F40-5645-4F38-8C31-F1624FA9AE26}
	EndGlobalSection
EndGlobal
